
Microsoft Visual Studio Solution File, Format Version 12.00
# Visual Studio Version 16
VisualStudioVersion = 16.0.31205.134
MinimumVisualStudioVersion = 10.0.40219.1
Project("{9A19103F-16F7-4668-BE54-9A1E7A4F7556}") = "LineBotCP", "LineBotCP.csproj", "{4DF62904-0936-4B8E-BB17-50BD9FCD587C}"
EndProject
Project("{9A19103F-16F7-4668-BE54-9A1E7A4F7556}") = "LineBotCrawler", "..\LineBotCrawler\LineBotCrawler.csproj", "{EB82A9DE-1C1B-4407-A3C6-182D31FF3C95}"
EndProject
Project("{9A19103F-16F7-4668-BE54-9A1E7A4F7556}") = "LineBotDBClass", "..\LineBotDBClass\LineBotDBClass.csproj", "{BFC447A5-9A4D-4FBE-BDFF-DDD97DE5C07F}"
EndProject
Global
	GlobalSection(SolutionConfigurationPlatforms) = preSolution
		Debug|Any CPU = Debug|Any CPU
		Release|Any CPU = Release|Any CPU
	EndGlobalSection
	GlobalSection(ProjectConfigurationPlatforms) = postSolution
		{4DF62904-0936-4B8E-BB17-50BD9FCD587C}.Debug|Any CPU.ActiveCfg = Debug|Any CPU
		{4DF62904-0936-4B8E-BB17-50BD9FCD587C}.Debug|Any CPU.Build.0 = Debug|Any CPU
		{4DF62904-0936-4B8E-BB17-50BD9FCD587C}.Release|Any CPU.ActiveCfg = Release|Any CPU
		{4DF62904-0936-4B8E-BB17-50BD9FCD587C}.Release|Any CPU.Build.0 = Release|Any CPU
		{EB82A9DE-1C1B-4407-A3C6-182D31FF3C95}.Debug|Any CPU.ActiveCfg = Debug|Any CPU
		{EB82A9DE-1C1B-4407-A3C6-182D31FF3C95}.Debug|Any CPU.Build.0 = Debug|Any CPU
		{EB82A9DE-1C1B-4407-A3C6-182D31FF3C95}.Release|Any CPU.ActiveCfg = Release|Any CPU
		{EB82A9DE-1C1B-4407-A3C6-182D31FF3C95}.Release|Any CPU.Build.0 = Release|Any CPU
		{BFC447A5-9A4D-4FBE-BDFF-DDD97DE5C07F}.Debug|Any CPU.ActiveCfg = Debug|Any CPU
		{BFC447A5-9A4D-4FBE-BDFF-DDD97DE5C07F}.Debug|Any CPU.Build.0 = Debug|Any CPU
		{BFC447A5-9A4D-4FBE-BDFF-DDD97DE5C07F}.Release|Any CPU.ActiveCfg = Release|Any CPU
		{BFC447A5-9A4D-4FBE-BDFF-DDD97DE5C07F}.Release|Any CPU.Build.0 = Release|Any CPU
	EndGlobalSection
	GlobalSection(SolutionProperties) = preSolution
		HideSolutionNode = FALSE
	EndGlobalSection
	GlobalSection(ExtensibilityGlobals) = postSolution
		SolutionGuid = {6E3E9A70-4783-436F-BED6-1F802876355C}
	EndGlobalSection
EndGlobal
