
Microsoft Visual Studio Solution File, Format Version 12.00
# Visual Studio Version 16
VisualStudioVersion = 16.0.31205.134
MinimumVisualStudioVersion = 10.0.40219.1
Project("{9A19103F-16F7-4668-BE54-9A1E7A4F7556}") = "LineBotCP", "LineBotCP.csproj", "{4DF62904-0936-4B8E-BB17-50BD9FCD587C}"
EndProject
Project("{FAE04EC0-301F-11D3-BF4B-00C04F79EFBC}") = "LineBotCrawler", "LineBotCrawler\LineBotCrawler.csproj", "{FB099C1F-C574-479A-8533-864E22229685}"
EndProject
Project("{FAE04EC0-301F-11D3-BF4B-00C04F79EFBC}") = "LineBotEFCore", "LineBotEFCore\LineBotEFCore.csproj", "{F3B599A3-21BD-4C00-A084-394B4F52E631}"
EndProject
Global
	GlobalSection(SolutionConfigurationPlatforms) = preSolution
		Debug|Any CPU = Debug|Any CPU
		Release|Any CPU = Release|Any CPU
	EndGlobalSection
	GlobalSection(ProjectConfigurationPlatforms) = postSolution
		{4DF62904-0936-4B8E-BB17-50BD9FCD587C}.Debug|Any CPU.ActiveCfg = Debug|Any CPU
		{4DF62904-0936-4B8E-BB17-50BD9FCD587C}.Debug|Any CPU.Build.0 = Debug|Any CPU
		{4DF62904-0936-4B8E-BB17-50BD9FCD587C}.Release|Any CPU.ActiveCfg = Release|Any CPU
		{4DF62904-0936-4B8E-BB17-50BD9FCD587C}.Release|Any CPU.Build.0 = Release|Any CPU
		{FB099C1F-C574-479A-8533-864E22229685}.Debug|Any CPU.ActiveCfg = Debug|Any CPU
		{FB099C1F-C574-479A-8533-864E22229685}.Debug|Any CPU.Build.0 = Debug|Any CPU
		{FB099C1F-C574-479A-8533-864E22229685}.Release|Any CPU.ActiveCfg = Release|Any CPU
		{FB099C1F-C574-479A-8533-864E22229685}.Release|Any CPU.Build.0 = Release|Any CPU
		{F3B599A3-21BD-4C00-A084-394B4F52E631}.Debug|Any CPU.ActiveCfg = Debug|Any CPU
		{F3B599A3-21BD-4C00-A084-394B4F52E631}.Debug|Any CPU.Build.0 = Debug|Any CPU
		{F3B599A3-21BD-4C00-A084-394B4F52E631}.Release|Any CPU.ActiveCfg = Release|Any CPU
		{F3B599A3-21BD-4C00-A084-394B4F52E631}.Release|Any CPU.Build.0 = Release|Any CPU
	EndGlobalSection
	GlobalSection(SolutionProperties) = preSolution
		HideSolutionNode = FALSE
	EndGlobalSection
	GlobalSection(ExtensibilityGlobals) = postSolution
		SolutionGuid = {6E3E9A70-4783-436F-BED6-1F802876355C}
	EndGlobalSection
EndGlobal
